
Microsoft Visual Studio Solution File, Format Version 12.00
# Visual Studio Version 17
VisualStudioVersion = 17.6.33815.320
MinimumVisualStudioVersion = 10.0.40219.1
Project("{FAE04EC0-301F-11D3-BF4B-00C04F79EFBC}") = "Bespeaking", "Bespeaking.csproj", "{DACC9244-DF09-4FDD-80D1-2C6F6A9453EC}"
EndProject
Global
	GlobalSection(SolutionConfigurationPlatforms) = preSolution
		Debug|Any CPU = Debug|Any CPU
		Release|Any CPU = Release|Any CPU
	EndGlobalSection
	GlobalSection(ProjectConfigurationPlatforms) = postSolution
		{DACC9244-DF09-4FDD-80D1-2C6F6A9453EC}.Debug|Any CPU.ActiveCfg = Debug|Any CPU
		{DACC9244-DF09-4FDD-80D1-2C6F6A9453EC}.Debug|Any CPU.Build.0 = Debug|Any CPU
		{DACC9244-DF09-4FDD-80D1-2C6F6A9453EC}.Release|Any CPU.ActiveCfg = Release|Any CPU
		{DACC9244-DF09-4FDD-80D1-2C6F6A9453EC}.Release|Any CPU.Build.0 = Release|Any CPU
	EndGlobalSection
	GlobalSection(SolutionProperties) = preSolution
		HideSolutionNode = FALSE
	EndGlobalSection
	GlobalSection(ExtensibilityGlobals) = postSolution
		SolutionGuid = {E72EA1C0-018E-4157-B5C1-950934F3E3B2}
	EndGlobalSection
EndGlobal
